
Microsoft Visual Studio Solution File, Format Version 12.00
# Visual Studio 15
VisualStudioVersion = 15.0.28307.1684
MinimumVisualStudioVersion = 10.0.40219.1
Project("{FAE04EC0-301F-11D3-BF4B-00C04F79EFBC}") = "ConsoleApp3", "ConsoleApp3\ConsoleApp3.csproj", "{D8A02053-7923-40FF-9B59-1473C58A8C51}"
EndProject
Project("{FAE04EC0-301F-11D3-BF4B-00C04F79EFBC}") = "ConsoleApp1", "ConsoleApp1\ConsoleApp1.csproj", "{BE975659-3E4F-4A54-913C-F12C777BA0CC}"
EndProject
Global
	GlobalSection(SolutionConfigurationPlatforms) = preSolution
		Debug|Any CPU = Debug|Any CPU
		Release|Any CPU = Release|Any CPU
	EndGlobalSection
	GlobalSection(ProjectConfigurationPlatforms) = postSolution
		{D8A02053-7923-40FF-9B59-1473C58A8C51}.Debug|Any CPU.ActiveCfg = Debug|Any CPU
		{D8A02053-7923-40FF-9B59-1473C58A8C51}.Debug|Any CPU.Build.0 = Debug|Any CPU
		{D8A02053-7923-40FF-9B59-1473C58A8C51}.Release|Any CPU.ActiveCfg = Release|Any CPU
		{D8A02053-7923-40FF-9B59-1473C58A8C51}.Release|Any CPU.Build.0 = Release|Any CPU
		{BE975659-3E4F-4A54-913C-F12C777BA0CC}.Debug|Any CPU.ActiveCfg = Debug|Any CPU
		{BE975659-3E4F-4A54-913C-F12C777BA0CC}.Debug|Any CPU.Build.0 = Debug|Any CPU
		{BE975659-3E4F-4A54-913C-F12C777BA0CC}.Release|Any CPU.ActiveCfg = Release|Any CPU
		{BE975659-3E4F-4A54-913C-F12C777BA0CC}.Release|Any CPU.Build.0 = Release|Any CPU
	EndGlobalSection
	GlobalSection(SolutionProperties) = preSolution
		HideSolutionNode = FALSE
	EndGlobalSection
	GlobalSection(ExtensibilityGlobals) = postSolution
		SolutionGuid = {2530074F-C80A-46F7-A150-497935E282EF}
	EndGlobalSection
EndGlobal
